// !$*UTF8*$!
{
	archiveVersion = 1;
	classes = {
	};
	objectVersion = 46;
	objects = {

/* Begin PBXBuildFile section */
		3C06BD7E1E0A0B6700D360F8 /* bit_map.cpp in Sources */ = {isa = PBXBuildFile; fileRef = 3C06BD7C1E0A0B6700D360F8 /* bit_map.cpp */; };
		3C3F404D1D5B879C00D9E8B4 /* main.cpp in Sources */ = {isa = PBXBuildFile; fileRef = 3C3F404C1D5B879C00D9E8B4 /* main.cpp */; };
		3C7357E81D8BF1B800361AE1 /* huffman.cpp in Sources */ = {isa = PBXBuildFile; fileRef = 3C7357E61D8BF1B800361AE1 /* huffman.cpp */; };
		3C9B70711D75CE6700E4450B /* my_algor.cpp in Sources */ = {isa = PBXBuildFile; fileRef = 3C9B706F1D75CE6700E4450B /* my_algor.cpp */; };
		3CE5EA171DFC3A9600BA9EDA /* my_singleton.cpp in Sources */ = {isa = PBXBuildFile; fileRef = 3CE5EA151DFC3A9600BA9EDA /* my_singleton.cpp */; };
/* End PBXBuildFile section */

/* Begin PBXCopyFilesBuildPhase section */
		3C3F40471D5B879C00D9E8B4 /* CopyFiles */ = {
			isa = PBXCopyFilesBuildPhase;
			buildActionMask = 2147483647;
			dstPath = /usr/share/man/man1/;
			dstSubfolderSpec = 0;
			files = (
			);
			runOnlyForDeploymentPostprocessing = 1;
		};
/* End PBXCopyFilesBuildPhase section */

/* Begin PBXFileReference section */
		3C06BD7C1E0A0B6700D360F8 /* bit_map.cpp */ = {isa = PBXFileReference; fileEncoding = 4; lastKnownFileType = sourcecode.cpp.cpp; path = bit_map.cpp; sourceTree = "<group>"; };
		3C06BD7D1E0A0B6700D360F8 /* bit_map.hpp */ = {isa = PBXFileReference; fileEncoding = 4; lastKnownFileType = sourcecode.cpp.h; path = bit_map.hpp; sourceTree = "<group>"; };
		3C3AD3631E0980B500C72130 /* common_def.h */ = {isa = PBXFileReference; lastKnownFileType = sourcecode.c.h; path = common_def.h; sourceTree = "<group>"; };
		3C3F40491D5B879C00D9E8B4 /* awesomecode */ = {isa = PBXFileReference; explicitFileType = "compiled.mach-o.executable"; includeInIndex = 0; path = awesomecode; sourceTree = BUILT_PRODUCTS_DIR; };
		3C3F404C1D5B879C00D9E8B4 /* main.cpp */ = {isa = PBXFileReference; lastKnownFileType = sourcecode.cpp.cpp; path = main.cpp; sourceTree = "<group>"; };
		3C7357E61D8BF1B800361AE1 /* huffman.cpp */ = {isa = PBXFileReference; fileEncoding = 4; lastKnownFileType = sourcecode.cpp.cpp; path = huffman.cpp; sourceTree = "<group>"; };
		3C7357E71D8BF1B800361AE1 /* huffman.hpp */ = {isa = PBXFileReference; fileEncoding = 4; lastKnownFileType = sourcecode.cpp.h; path = huffman.hpp; sourceTree = "<group>"; };
		3C96D5E91E08279800884FC9 /* jd.h */ = {isa = PBXFileReference; lastKnownFileType = sourcecode.c.h; path = jd.h; sourceTree = "<group>"; };
		3C9B706F1D75CE6700E4450B /* my_algor.cpp */ = {isa = PBXFileReference; fileEncoding = 4; lastKnownFileType = sourcecode.cpp.cpp; path = my_algor.cpp; sourceTree = "<group>"; };
		3C9B70701D75CE6700E4450B /* my_algor.hpp */ = {isa = PBXFileReference; fileEncoding = 4; lastKnownFileType = sourcecode.cpp.h; path = my_algor.hpp; sourceTree = "<group>"; };
		3CE5EA151DFC3A9600BA9EDA /* my_singleton.cpp */ = {isa = PBXFileReference; fileEncoding = 4; lastKnownFileType = sourcecode.cpp.cpp; path = my_singleton.cpp; sourceTree = "<group>"; };
		3CE5EA161DFC3A9600BA9EDA /* my_singleton.hpp */ = {isa = PBXFileReference; fileEncoding = 4; lastKnownFileType = sourcecode.cpp.h; path = my_singleton.hpp; sourceTree = "<group>"; };
/* End PBXFileReference section */

/* Begin PBXFrameworksBuildPhase section */
		3C3F40461D5B879C00D9E8B4 /* Frameworks */ = {
			isa = PBXFrameworksBuildPhase;
			buildActionMask = 2147483647;
			files = (
			);
			runOnlyForDeploymentPostprocessing = 0;
		};
/* End PBXFrameworksBuildPhase section */

/* Begin PBXGroup section */
		3C3F40401D5B879C00D9E8B4 = {
			isa = PBXGroup;
			children = (
				3C3F404B1D5B879C00D9E8B4 /* awesomecode */,
				3C3F404A1D5B879C00D9E8B4 /* Products */,
			);
			sourceTree = "<group>";
		};
		3C3F404A1D5B879C00D9E8B4 /* Products */ = {
			isa = PBXGroup;
			children = (
				3C3F40491D5B879C00D9E8B4 /* awesomecode */,
			);
			name = Products;
			sourceTree = "<group>";
		};
		3C3F404B1D5B879C00D9E8B4 /* awesomecode */ = {
			isa = PBXGroup;
			children = (
				3C3F404C1D5B879C00D9E8B4 /* main.cpp */,
				3C9B706F1D75CE6700E4450B /* my_algor.cpp */,
				3C9B70701D75CE6700E4450B /* my_algor.hpp */,
				3C7357E61D8BF1B800361AE1 /* huffman.cpp */,
				3C7357E71D8BF1B800361AE1 /* huffman.hpp */,
				3CE5EA151DFC3A9600BA9EDA /* my_singleton.cpp */,
				3CE5EA161DFC3A9600BA9EDA /* my_singleton.hpp */,
				3C96D5E91E08279800884FC9 /* jd.h */,
				3C3AD3631E0980B500C72130 /* common_def.h */,
				3C06BD7C1E0A0B6700D360F8 /* bit_map.cpp */,
				3C06BD7D1E0A0B6700D360F8 /* bit_map.hpp */,
			);
			path = awesomecode;
			sourceTree = "<group>";
		};
/* End PBXGroup section */

/* Begin PBXNativeTarget section */
		3C3F40481D5B879C00D9E8B4 /* awesomecode */ = {
			isa = PBXNativeTarget;
			buildConfigurationList = 3C3F40501D5B879C00D9E8B4 /* Build configuration list for PBXNativeTarget "awesomecode" */;
			buildPhases = (
				3C3F40451D5B879C00D9E8B4 /* Sources */,
				3C3F40461D5B879C00D9E8B4 /* Frameworks */,
				3C3F40471D5B879C00D9E8B4 /* CopyFiles */,
			);
			buildRules = (
			);
			dependencies = (
			);
			name = awesomecode;
			productName = awesomecode;
			productReference = 3C3F40491D5B879C00D9E8B4 /* awesomecode */;
			productType = "com.apple.product-type.tool";
		};
/* End PBXNativeTarget section */

/* Begin PBXProject section */
		3C3F40411D5B879C00D9E8B4 /* Project object */ = {
			isa = PBXProject;
			attributes = {
				LastUpgradeCheck = 0730;
				ORGANIZATIONNAME = heyong;
				TargetAttributes = {
					3C3F40481D5B879C00D9E8B4 = {
						CreatedOnToolsVersion = 7.3;
					};
				};
			};
			buildConfigurationList = 3C3F40441D5B879C00D9E8B4 /* Build configuration list for PBXProject "awesomecode" */;
			compatibilityVersion = "Xcode 3.2";
			developmentRegion = English;
			hasScannedForEncodings = 0;
			knownRegions = (
				en,
			);
			mainGroup = 3C3F40401D5B879C00D9E8B4;
			productRefGroup = 3C3F404A1D5B879C00D9E8B4 /* Products */;
			projectDirPath = "";
			projectRoot = "";
			targets = (
				3C3F40481D5B879C00D9E8B4 /* awesomecode */,
			);
		};
/* End PBXProject section */

/* Begin PBXSourcesBuildPhase section */
		3C3F40451D5B879C00D9E8B4 /* Sources */ = {
			isa = PBXSourcesBuildPhase;
			buildActionMask = 2147483647;
			files = (
				3C3F404D1D5B879C00D9E8B4 /* main.cpp in Sources */,
				3CE5EA171DFC3A9600BA9EDA /* my_singleton.cpp in Sources */,
				3C06BD7E1E0A0B6700D360F8 /* bit_map.cpp in Sources */,
				3C9B70711D75CE6700E4450B /* my_algor.cpp in Sources */,
				3C7357E81D8BF1B800361AE1 /* huffman.cpp in Sources */,
			);
			runOnlyForDeploymentPostprocessing = 0;
		};
/* End PBXSourcesBuildPhase section */

/* Begin XCBuildConfiguration section */
		3C3F404E1D5B879C00D9E8B4 /* Debug */ = {
			isa = XCBuildConfiguration;
			buildSettings = {
				ALWAYS_SEARCH_USER_PATHS = NO;
				CLANG_ANALYZER_NONNULL = YES;
				CLANG_CXX_LANGUAGE_STANDARD = "gnu++0x";
				CLANG_CXX_LIBRARY = "libc++";
				CLANG_ENABLE_MODULES = YES;
				CLANG_ENABLE_OBJC_ARC = YES;
				CLANG_WARN_BOOL_CONVERSION = YES;
				CLANG_WARN_CONSTANT_CONVERSION = YES;
				CLANG_WARN_DIRECT_OBJC_ISA_USAGE = YES_ERROR;
				CLANG_WARN_EMPTY_BODY = YES;
				CLANG_WARN_ENUM_CONVERSION = YES;
				CLANG_WARN_INT_CONVERSION = YES;
				CLANG_WARN_OBJC_ROOT_CLASS = YES_ERROR;
				CLANG_WARN_UNREACHABLE_CODE = YES;
				CLANG_WARN__DUPLICATE_METHOD_MATCH = YES;
				CODE_SIGN_IDENTITY = "-";
				COPY_PHASE_STRIP = NO;
				DEBUG_INFORMATION_FORMAT = dwarf;
				ENABLE_STRICT_OBJC_MSGSEND = YES;
				ENABLE_TESTABILITY = YES;
				GCC_C_LANGUAGE_STANDARD = gnu99;
				GCC_DYNAMIC_NO_PIC = NO;
				GCC_NO_COMMON_BLOCKS = YES;
				GCC_OPTIMIZATION_LEVEL = 0;
				GCC_PREPROCESSOR_DEFINITIONS = (
					"DEBUG=1",
					"$(inherited)",
				);
				GCC_WARN_64_TO_32_BIT_CONVERSION = YES;
				GCC_WARN_ABOUT_RETURN_TYPE = YES_ERROR;
				GCC_WARN_UNDECLARED_SELECTOR = YES;
				GCC_WARN_UNINITIALIZED_AUTOS = YES_AGGRESSIVE;
				GCC_WARN_UNUSED_FUNCTION = YES;
				GCC_WARN_UNUSED_VARIABLE = YES;
				MACOSX_DEPLOYMENT_TARGET = 10.11;
				MTL_ENABLE_DEBUG_INFO = YES;
				ONLY_ACTIVE_ARCH = YES;
				SDKROOT = macosx;
			};
			name = Debug;
		};
		3C3F404F1D5B879C00D9E8B4 /* Release */ = {
			isa = XCBuildConfiguration;
			buildSettings = {
				ALWAYS_SEARCH_USER_PATHS = NO;
				CLANG_ANALYZER_NONNULL = YES;
				CLANG_CXX_LANGUAGE_STANDARD = "gnu++0x";
				CLANG_CXX_LIBRARY = "libc++";
				CLANG_ENABLE_MODULES = YES;
				CLANG_ENABLE_OBJC_ARC = YES;
				CLANG_WARN_BOOL_CONVERSION = YES;
				CLANG_WARN_CONSTANT_CONVERSION = YES;
				CLANG_WARN_DIRECT_OBJC_ISA_USAGE = YES_ERROR;
				CLANG_WARN_EMPTY_BODY = YES;
				CLANG_WARN_ENUM_CONVERSION = YES;
				CLANG_WARN_INT_CONVERSION = YES;
				CLANG_WARN_OBJC_ROOT_CLASS = YES_ERROR;
				CLANG_WARN_UNREACHABLE_CODE = YES;
				CLANG_WARN__DUPLICATE_METHOD_MATCH = YES;
				CODE_SIGN_IDENTITY = "-";
				COPY_PHASE_STRIP = NO;
				DEBUG_INFORMATION_FORMAT = "dwarf-with-dsym";
				ENABLE_NS_ASSERTIONS = NO;
				ENABLE_STRICT_OBJC_MSGSEND = YES;
				GCC_C_LANGUAGE_STANDARD = gnu99;
				GCC_NO_COMMON_BLOCKS = YES;
				GCC_WARN_64_TO_32_BIT_CONVERSION = YES;
				GCC_WARN_ABOUT_RETURN_TYPE = YES_ERROR;
				GCC_WARN_UNDECLARED_SELECTOR = YES;
				GCC_WARN_UNINITIALIZED_AUTOS = YES_AGGRESSIVE;
				GCC_WARN_UNUSED_FUNCTION = YES;
				GCC_WARN_UNUSED_VARIABLE = YES;
				MACOSX_DEPLOYMENT_TARGET = 10.11;
				MTL_ENABLE_DEBUG_INFO = NO;
				SDKROOT = macosx;
			};
			name = Release;
		};
		3C3F40511D5B879C00D9E8B4 /* Debug */ = {
			isa = XCBuildConfiguration;
			buildSettings = {
				PRODUCT_NAME = "$(TARGET_NAME)";
			};
			name = Debug;
		};
		3C3F40521D5B879C00D9E8B4 /* Release */ = {
			isa = XCBuildConfiguration;
			buildSettings = {
				PRODUCT_NAME = "$(TARGET_NAME)";
			};
			name = Release;
		};
/* End XCBuildConfiguration section */

/* Begin XCConfigurationList section */
		3C3F40441D5B879C00D9E8B4 /* Build configuration list for PBXProject "awesomecode" */ = {
			isa = XCConfigurationList;
			buildConfigurations = (
				3C3F404E1D5B879C00D9E8B4 /* Debug */,
				3C3F404F1D5B879C00D9E8B4 /* Release */,
			);
			defaultConfigurationIsVisible = 0;
			defaultConfigurationName = Release;
		};
		3C3F40501D5B879C00D9E8B4 /* Build configuration list for PBXNativeTarget "awesomecode" */ = {
			isa = XCConfigurationList;
			buildConfigurations = (
				3C3F40511D5B879C00D9E8B4 /* Debug */,
				3C3F40521D5B879C00D9E8B4 /* Release */,
			);
			defaultConfigurationIsVisible = 0;
			defaultConfigurationName = Release;
		};
/* End XCConfigurationList section */
	};
	rootObject = 3C3F40411D5B879C00D9E8B4 /* Project object */;
}
